// !$*UTF8*$!
{
	archiveVersion = 1;
	classes = {
	};
	objectVersion = 50;
	objects = {

/* Begin PBXBuildFile section */
		300845CB24456B2800055737 /* KVC.md in Resources */ = {isa = PBXBuildFile; fileRef = 300845CA24456B1700055737 /* KVC.md */; };
		300845CC24456B3A00055737 /* NSOperation.md in Resources */ = {isa = PBXBuildFile; fileRef = 30C7D40C2439C05000EA99C6 /* NSOperation.md */; };
		3015810D245577A600EC6001 /* WGMonitorManage.m in Sources */ = {isa = PBXBuildFile; fileRef = 3015810C245577A600EC6001 /* WGMonitorManage.m */; };
		30160A2624A748870074FB82 /* BinaryTree.md in Resources */ = {isa = PBXBuildFile; fileRef = 30160A2524A748870074FB82 /* BinaryTree.md */; };
		30160A2924A75A970074FB82 /* BinaryTree.m in Sources */ = {isa = PBXBuildFile; fileRef = 30160A2824A75A970074FB82 /* BinaryTree.m */; };
		30179F9A24401E8000EED9BD /* Note.md in Resources */ = {isa = PBXBuildFile; fileRef = 30179F9924401E8000EED9BD /* Note.md */; };
		301CF1BC2452BE310024EC69 /* WGFirstVC.m in Sources */ = {isa = PBXBuildFile; fileRef = 301CF1BB2452BE310024EC69 /* WGFirstVC.m */; };
		301CF1BF2452F1750024EC69 /* runLoop1.png in Resources */ = {isa = PBXBuildFile; fileRef = 301CF1BE2452F1750024EC69 /* runLoop1.png */; };
		3066E0F02435DD48004C71F7 /* GCD.md in Resources */ = {isa = PBXBuildFile; fileRef = 3066E0EF2435DD48004C71F7 /* GCD.md */; };
		307A0E7B24456BD3006E5429 /* RunLoop.md in Resources */ = {isa = PBXBuildFile; fileRef = 307A0E7A24456BD3006E5429 /* RunLoop.md */; };
		307A0E7D24456BE4006E5429 /* RunTime.md in Resources */ = {isa = PBXBuildFile; fileRef = 307A0E7C24456BE4006E5429 /* RunTime.md */; };
		309F9D682435D98700FFB705 /* ThreadLock.md in Resources */ = {isa = PBXBuildFile; fileRef = 309F9D672435D98700FFB705 /* ThreadLock.md */; };
		30A73F332447F14A00C86BB8 /* kvc1.png in Resources */ = {isa = PBXBuildFile; fileRef = 30A73F322447F14A00C86BB8 /* kvc1.png */; };
		30A7DC8124348703008DDCF9 /* lock1.png in Resources */ = {isa = PBXBuildFile; fileRef = 30A7DC8024348703008DDCF9 /* lock1.png */; };
		30A7DC832434A43E008DDCF9 /* lock2.png in Resources */ = {isa = PBXBuildFile; fileRef = 30A7DC822434A43E008DDCF9 /* lock2.png */; };
		30BB26BB244BF62B00255288 /* NSNotification.md in Resources */ = {isa = PBXBuildFile; fileRef = 30BB26BA244BF62B00255288 /* NSNotification.md */; };
		30C1F2B82431F0C7003B30B3 /* face.md in Resources */ = {isa = PBXBuildFile; fileRef = 30C1F2B72431F0C7003B30B3 /* face.md */; };
		30D3DF72245E74790012F803 /* WGTestModel.m in Sources */ = {isa = PBXBuildFile; fileRef = 30D3DF71245E74790012F803 /* WGTestModel.m */; };
		30DD858B244F00C100897144 /* block.jpeg in Resources */ = {isa = PBXBuildFile; fileRef = 30DD858A244F00C100897144 /* block.jpeg */; };
		30ECA52024580E9000E3D312 /* Response.md in Resources */ = {isa = PBXBuildFile; fileRef = 30ECA51F24580E9000E3D312 /* Response.md */; };
		30F7186C24F7AB020025AD98 /* 设计模式.md in Resources */ = {isa = PBXBuildFile; fileRef = 30F7186B24F7AB020025AD98 /* 设计模式.md */; };
		30F8F49E243F142900968177 /* Summary.md in Resources */ = {isa = PBXBuildFile; fileRef = 30F8F49D243F142900968177 /* Summary.md */; };
		30FD75F824357E3800431678 /* WGMainObjcVC.m in Sources */ = {isa = PBXBuildFile; fileRef = 30FD75F724357E3800431678 /* WGMainObjcVC.m */; };
		30FD75FA24358F1E00431678 /* lock3.png in Resources */ = {isa = PBXBuildFile; fileRef = 30FD75F924358F1E00431678 /* lock3.png */; };
		30FD75FC243596BB00431678 /* lock4.png in Resources */ = {isa = PBXBuildFile; fileRef = 30FD75FB243596BB00431678 /* lock4.png */; };
		30FD75FE2435C88B00431678 /* lock5.png in Resources */ = {isa = PBXBuildFile; fileRef = 30FD75FD2435C88B00431678 /* lock5.png */; };
		30FD76012435CD3100431678 /* NSThread.md in Resources */ = {isa = PBXBuildFile; fileRef = 30FD76002435CD3100431678 /* NSThread.md */; };
		30FD94D4243DDE8400EAFAA3 /* error1.png in Resources */ = {isa = PBXBuildFile; fileRef = 30FD94D3243DDE8400EAFAA3 /* error1.png */; };
		540ED63C246990B600C6DAF7 /* KeyWord.md in Resources */ = {isa = PBXBuildFile; fileRef = 540ED63B246990B600C6DAF7 /* KeyWord.md */; };
		5422AC59244F3E8E000CB747 /* block2.png in Resources */ = {isa = PBXBuildFile; fileRef = 5422AC58244F3E8E000CB747 /* block2.png */; };
		54347D3224F69F1C006EE9F2 /* 数据结构.md in Resources */ = {isa = PBXBuildFile; fileRef = 54347D3124F69F1C006EE9F2 /* 数据结构.md */; };
		545638D324B36CE5007D5447 /* HTTPTCPUDP.md in Resources */ = {isa = PBXBuildFile; fileRef = 545638D224B36CE5007D5447 /* HTTPTCPUDP.md */; };
		5463C26424B0115D008F9C9A /* CoreAnimal.md in Resources */ = {isa = PBXBuildFile; fileRef = 5463C26324B0115D008F9C9A /* CoreAnimal.md */; };
		548AC953242F4B3100EEE11C /* AppDelegate.swift in Sources */ = {isa = PBXBuildFile; fileRef = 548AC952242F4B3100EEE11C /* AppDelegate.swift */; };
		548AC955242F4B3100EEE11C /* SceneDelegate.swift in Sources */ = {isa = PBXBuildFile; fileRef = 548AC954242F4B3100EEE11C /* SceneDelegate.swift */; };
		548AC957242F4B3100EEE11C /* ViewController.swift in Sources */ = {isa = PBXBuildFile; fileRef = 548AC956242F4B3100EEE11C /* ViewController.swift */; };
		548AC95A242F4B3100EEE11C /* Main.storyboard in Resources */ = {isa = PBXBuildFile; fileRef = 548AC958242F4B3100EEE11C /* Main.storyboard */; };
		548AC95C242F4B3200EEE11C /* Assets.xcassets in Resources */ = {isa = PBXBuildFile; fileRef = 548AC95B242F4B3200EEE11C /* Assets.xcassets */; };
		548AC95F242F4B3200EEE11C /* LaunchScreen.storyboard in Resources */ = {isa = PBXBuildFile; fileRef = 548AC95D242F4B3200EEE11C /* LaunchScreen.storyboard */; };
		548AC96A242F4B3200EEE11C /* WGFcodeNotesTests.swift in Sources */ = {isa = PBXBuildFile; fileRef = 548AC969242F4B3200EEE11C /* WGFcodeNotesTests.swift */; };
		548AC975242F4B3200EEE11C /* WGFcodeNotesUITests.swift in Sources */ = {isa = PBXBuildFile; fileRef = 548AC974242F4B3200EEE11C /* WGFcodeNotesUITests.swift */; };
		548AC983242F4C7100EEE11C /* WGMainVC.swift in Sources */ = {isa = PBXBuildFile; fileRef = 548AC982242F4C7100EEE11C /* WGMainVC.swift */; };
		548AC98B242F4CAD00EEE11C /* WG.sh in Resources */ = {isa = PBXBuildFile; fileRef = 548AC985242F4CAD00EEE11C /* WG.sh */; };
		548AC98C242F4CAD00EEE11C /* git.md in Resources */ = {isa = PBXBuildFile; fileRef = 548AC986242F4CAD00EEE11C /* git.md */; };
		548AC98D242F4CAD00EEE11C /* PackageIpaWithShell.md in Resources */ = {isa = PBXBuildFile; fileRef = 548AC987242F4CAD00EEE11C /* PackageIpaWithShell.md */; };
		548AC98E242F4CAD00EEE11C /* KeyWords.md in Resources */ = {isa = PBXBuildFile; fileRef = 548AC988242F4CAD00EEE11C /* KeyWords.md */; };
		548AC98F242F4CAD00EEE11C /* Carthage.md in Resources */ = {isa = PBXBuildFile; fileRef = 548AC989242F4CAD00EEE11C /* Carthage.md */; };
		548AC990242F4CAD00EEE11C /* Framework.md in Resources */ = {isa = PBXBuildFile; fileRef = 548AC98A242F4CAD00EEE11C /* Framework.md */; };
		548F332024F15E8F00AB3540 /* Memory.md in Resources */ = {isa = PBXBuildFile; fileRef = 548F331F24F15E8F00AB3540 /* Memory.md */; };
		548F332224F2B12C00AB3540 /* 分类扩展.md in Resources */ = {isa = PBXBuildFile; fileRef = 548F332124F2B12C00AB3540 /* 分类扩展.md */; };
		548F332424F2B13E00AB3540 /* 属性修饰符.md in Resources */ = {isa = PBXBuildFile; fileRef = 548F332324F2B13E00AB3540 /* 属性修饰符.md */; };
		548F332B24F2B87300AB3540 /* Person.m in Sources */ = {isa = PBXBuildFile; fileRef = 548F332A24F2B87300AB3540 /* Person.m */; };
		548F332E24F2B8D100AB3540 /* Person+PersonCategory.m in Sources */ = {isa = PBXBuildFile; fileRef = 548F332D24F2B8D100AB3540 /* Person+PersonCategory.m */; };
/* End PBXBuildFile section */

/* Begin PBXContainerItemProxy section */
		548AC966242F4B3200EEE11C /* PBXContainerItemProxy */ = {
			isa = PBXContainerItemProxy;
			containerPortal = 548AC947242F4B3100EEE11C /* Project object */;
			proxyType = 1;
			remoteGlobalIDString = 548AC94E242F4B3100EEE11C;
			remoteInfo = WGFcodeNotes;
		};
		548AC971242F4B3200EEE11C /* PBXContainerItemProxy */ = {
			isa = PBXContainerItemProxy;
			containerPortal = 548AC947242F4B3100EEE11C /* Project object */;
			proxyType = 1;
			remoteGlobalIDString = 548AC94E242F4B3100EEE11C;
			remoteInfo = WGFcodeNotes;
		};
/* End PBXContainerItemProxy section */

/* Begin PBXFileReference section */
		300845CA24456B1700055737 /* KVC.md */ = {isa = PBXFileReference; lastKnownFileType = net.daringfireball.markdown; path = KVC.md; sourceTree = "<group>"; };
		300845CD24456B4C00055737 /* KVO.md */ = {isa = PBXFileReference; lastKnownFileType = net.daringfireball.markdown; path = KVO.md; sourceTree = "<group>"; };
		3015810B245577A600EC6001 /* WGMonitorManage.h */ = {isa = PBXFileReference; lastKnownFileType = sourcecode.c.h; path = WGMonitorManage.h; sourceTree = "<group>"; };
		3015810C245577A600EC6001 /* WGMonitorManage.m */ = {isa = PBXFileReference; lastKnownFileType = sourcecode.c.objc; path = WGMonitorManage.m; sourceTree = "<group>"; };
		30160A2524A748870074FB82 /* BinaryTree.md */ = {isa = PBXFileReference; lastKnownFileType = net.daringfireball.markdown; path = BinaryTree.md; sourceTree = "<group>"; };
		30160A2724A75A970074FB82 /* BinaryTree.h */ = {isa = PBXFileReference; lastKnownFileType = sourcecode.c.h; path = BinaryTree.h; sourceTree = "<group>"; };
		30160A2824A75A970074FB82 /* BinaryTree.m */ = {isa = PBXFileReference; lastKnownFileType = sourcecode.c.objc; path = BinaryTree.m; sourceTree = "<group>"; };
		30179F9924401E8000EED9BD /* Note.md */ = {isa = PBXFileReference; lastKnownFileType = net.daringfireball.markdown; path = Note.md; sourceTree = "<group>"; };
		301CF1BA2452BE310024EC69 /* WGFirstVC.h */ = {isa = PBXFileReference; lastKnownFileType = sourcecode.c.h; path = WGFirstVC.h; sourceTree = "<group>"; };
		301CF1BB2452BE310024EC69 /* WGFirstVC.m */ = {isa = PBXFileReference; lastKnownFileType = sourcecode.c.objc; path = WGFirstVC.m; sourceTree = "<group>"; };
		301CF1BE2452F1750024EC69 /* runLoop1.png */ = {isa = PBXFileReference; lastKnownFileType = image.png; path = runLoop1.png; sourceTree = "<group>"; };
		3066E0EF2435DD48004C71F7 /* GCD.md */ = {isa = PBXFileReference; fileEncoding = 4; lastKnownFileType = net.daringfireball.markdown; path = GCD.md; sourceTree = "<group>"; };
		307A0E7A24456BD3006E5429 /* RunLoop.md */ = {isa = PBXFileReference; lastKnownFileType = net.daringfireball.markdown; path = RunLoop.md; sourceTree = "<group>"; };
		307A0E7C24456BE4006E5429 /* RunTime.md */ = {isa = PBXFileReference; lastKnownFileType = net.daringfireball.markdown; path = RunTime.md; sourceTree = "<group>"; };
		307A0E7E24456BF8006E5429 /* Block.md */ = {isa = PBXFileReference; lastKnownFileType = net.daringfireball.markdown; path = Block.md; sourceTree = "<group>"; };
		309F9D672435D98700FFB705 /* ThreadLock.md */ = {isa = PBXFileReference; lastKnownFileType = net.daringfireball.markdown; path = ThreadLock.md; sourceTree = "<group>"; };
		30A73F322447F14A00C86BB8 /* kvc1.png */ = {isa = PBXFileReference; lastKnownFileType = image.png; path = kvc1.png; sourceTree = "<group>"; };
		30A7DC8024348703008DDCF9 /* lock1.png */ = {isa = PBXFileReference; lastKnownFileType = image.png; path = lock1.png; sourceTree = "<group>"; };
		30A7DC822434A43E008DDCF9 /* lock2.png */ = {isa = PBXFileReference; lastKnownFileType = image.png; path = lock2.png; sourceTree = "<group>"; };
		30BB26BA244BF62B00255288 /* NSNotification.md */ = {isa = PBXFileReference; lastKnownFileType = net.daringfireball.markdown; path = NSNotification.md; sourceTree = "<group>"; };
		30C1F2B72431F0C7003B30B3 /* face.md */ = {isa = PBXFileReference; lastKnownFileType = net.daringfireball.markdown; path = face.md; sourceTree = "<group>"; };
		30C7D40C2439C05000EA99C6 /* NSOperation.md */ = {isa = PBXFileReference; lastKnownFileType = net.daringfireball.markdown; path = NSOperation.md; sourceTree = "<group>"; };
		30D3DF70245E74790012F803 /* WGTestModel.h */ = {isa = PBXFileReference; lastKnownFileType = sourcecode.c.h; path = WGTestModel.h; sourceTree = "<group>"; };
		30D3DF71245E74790012F803 /* WGTestModel.m */ = {isa = PBXFileReference; lastKnownFileType = sourcecode.c.objc; path = WGTestModel.m; sourceTree = "<group>"; };
		30DD858A244F00C100897144 /* block.jpeg */ = {isa = PBXFileReference; lastKnownFileType = image.jpeg; path = block.jpeg; sourceTree = "<group>"; };
		30ECA51F24580E9000E3D312 /* Response.md */ = {isa = PBXFileReference; lastKnownFileType = net.daringfireball.markdown; path = Response.md; sourceTree = "<group>"; };
		30F7186B24F7AB020025AD98 /* 设计模式.md */ = {isa = PBXFileReference; lastKnownFileType = net.daringfireball.markdown; path = "设计模式.md"; sourceTree = "<group>"; };
		30F8F49D243F142900968177 /* Summary.md */ = {isa = PBXFileReference; lastKnownFileType = net.daringfireball.markdown; path = Summary.md; sourceTree = "<group>"; };
		30FD75F524357E3800431678 /* WGFcodeNotes-Bridging-Header.h */ = {isa = PBXFileReference; lastKnownFileType = sourcecode.c.h; path = "WGFcodeNotes-Bridging-Header.h"; sourceTree = "<group>"; };
		30FD75F624357E3800431678 /* WGMainObjcVC.h */ = {isa = PBXFileReference; lastKnownFileType = sourcecode.c.h; path = WGMainObjcVC.h; sourceTree = "<group>"; };
		30FD75F724357E3800431678 /* WGMainObjcVC.m */ = {isa = PBXFileReference; lastKnownFileType = sourcecode.c.objc; path = WGMainObjcVC.m; sourceTree = "<group>"; };
		30FD75F924358F1E00431678 /* lock3.png */ = {isa = PBXFileReference; lastKnownFileType = image.png; path = lock3.png; sourceTree = "<group>"; };
		30FD75FB243596BB00431678 /* lock4.png */ = {isa = PBXFileReference; lastKnownFileType = image.png; path = lock4.png; sourceTree = "<group>"; };
		30FD75FD2435C88B00431678 /* lock5.png */ = {isa = PBXFileReference; lastKnownFileType = image.png; path = lock5.png; sourceTree = "<group>"; };
		30FD76002435CD3100431678 /* NSThread.md */ = {isa = PBXFileReference; lastKnownFileType = net.daringfireball.markdown; path = NSThread.md; sourceTree = "<group>"; };
		30FD94D2243DDDDE00EAFAA3 /* ErrorCollect.md */ = {isa = PBXFileReference; lastKnownFileType = net.daringfireball.markdown; path = ErrorCollect.md; sourceTree = "<group>"; };
		30FD94D3243DDE8400EAFAA3 /* error1.png */ = {isa = PBXFileReference; lastKnownFileType = image.png; path = error1.png; sourceTree = "<group>"; };
		540ED63B246990B600C6DAF7 /* KeyWord.md */ = {isa = PBXFileReference; lastKnownFileType = net.daringfireball.markdown; path = KeyWord.md; sourceTree = "<group>"; };
		5422AC58244F3E8E000CB747 /* block2.png */ = {isa = PBXFileReference; lastKnownFileType = image.png; path = block2.png; sourceTree = "<group>"; };
		54347D3124F69F1C006EE9F2 /* 数据结构.md */ = {isa = PBXFileReference; lastKnownFileType = net.daringfireball.markdown; path = "数据结构.md"; sourceTree = "<group>"; };
		545638D224B36CE5007D5447 /* HTTPTCPUDP.md */ = {isa = PBXFileReference; lastKnownFileType = net.daringfireball.markdown; path = HTTPTCPUDP.md; sourceTree = "<group>"; };
		5463C26324B0115D008F9C9A /* CoreAnimal.md */ = {isa = PBXFileReference; lastKnownFileType = net.daringfireball.markdown; path = CoreAnimal.md; sourceTree = "<group>"; };
		548AC94F242F4B3100EEE11C /* WGFcodeNotes.app */ = {isa = PBXFileReference; explicitFileType = wrapper.application; includeInIndex = 0; path = WGFcodeNotes.app; sourceTree = BUILT_PRODUCTS_DIR; };
		548AC952242F4B3100EEE11C /* AppDelegate.swift */ = {isa = PBXFileReference; lastKnownFileType = sourcecode.swift; path = AppDelegate.swift; sourceTree = "<group>"; };
		548AC954242F4B3100EEE11C /* SceneDelegate.swift */ = {isa = PBXFileReference; lastKnownFileType = sourcecode.swift; path = SceneDelegate.swift; sourceTree = "<group>"; };
		548AC956242F4B3100EEE11C /* ViewController.swift */ = {isa = PBXFileReference; lastKnownFileType = sourcecode.swift; path = ViewController.swift; sourceTree = "<group>"; };
		548AC959242F4B3100EEE11C /* Base */ = {isa = PBXFileReference; lastKnownFileType = file.storyboard; name = Base; path = Base.lproj/Main.storyboard; sourceTree = "<group>"; };
		548AC95B242F4B3200EEE11C /* Assets.xcassets */ = {isa = PBXFileReference; lastKnownFileType = folder.assetcatalog; path = Assets.xcassets; sourceTree = "<group>"; };
		548AC95E242F4B3200EEE11C /* Base */ = {isa = PBXFileReference; lastKnownFileType = file.storyboard; name = Base; path = Base.lproj/LaunchScreen.storyboard; sourceTree = "<group>"; };
		548AC960242F4B3200EEE11C /* Info.plist */ = {isa = PBXFileReference; lastKnownFileType = text.plist.xml; path = Info.plist; sourceTree = "<group>"; };
		548AC965242F4B3200EEE11C /* WGFcodeNotesTests.xctest */ = {isa = PBXFileReference; explicitFileType = wrapper.cfbundle; includeInIndex = 0; path = WGFcodeNotesTests.xctest; sourceTree = BUILT_PRODUCTS_DIR; };
		548AC969242F4B3200EEE11C /* WGFcodeNotesTests.swift */ = {isa = PBXFileReference; lastKnownFileType = sourcecode.swift; path = WGFcodeNotesTests.swift; sourceTree = "<group>"; };
		548AC96B242F4B3200EEE11C /* Info.plist */ = {isa = PBXFileReference; lastKnownFileType = text.plist.xml; path = Info.plist; sourceTree = "<group>"; };
		548AC970242F4B3200EEE11C /* WGFcodeNotesUITests.xctest */ = {isa = PBXFileReference; explicitFileType = wrapper.cfbundle; includeInIndex = 0; path = WGFcodeNotesUITests.xctest; sourceTree = BUILT_PRODUCTS_DIR; };
		548AC974242F4B3200EEE11C /* WGFcodeNotesUITests.swift */ = {isa = PBXFileReference; lastKnownFileType = sourcecode.swift; path = WGFcodeNotesUITests.swift; sourceTree = "<group>"; };
		548AC976242F4B3200EEE11C /* Info.plist */ = {isa = PBXFileReference; lastKnownFileType = text.plist.xml; path = Info.plist; sourceTree = "<group>"; };
		548AC982242F4C7100EEE11C /* WGMainVC.swift */ = {isa = PBXFileReference; lastKnownFileType = sourcecode.swift; path = WGMainVC.swift; sourceTree = "<group>"; };
		548AC985242F4CAD00EEE11C /* WG.sh */ = {isa = PBXFileReference; fileEncoding = 4; lastKnownFileType = text.script.sh; path = WG.sh; sourceTree = "<group>"; };
		548AC986242F4CAD00EEE11C /* git.md */ = {isa = PBXFileReference; fileEncoding = 4; lastKnownFileType = net.daringfireball.markdown; path = git.md; sourceTree = "<group>"; };
		548AC987242F4CAD00EEE11C /* PackageIpaWithShell.md */ = {isa = PBXFileReference; fileEncoding = 4; lastKnownFileType = net.daringfireball.markdown; path = PackageIpaWithShell.md; sourceTree = "<group>"; };
		548AC988242F4CAD00EEE11C /* KeyWords.md */ = {isa = PBXFileReference; fileEncoding = 4; lastKnownFileType = net.daringfireball.markdown; path = KeyWords.md; sourceTree = "<group>"; };
		548AC989242F4CAD00EEE11C /* Carthage.md */ = {isa = PBXFileReference; fileEncoding = 4; lastKnownFileType = net.daringfireball.markdown; path = Carthage.md; sourceTree = "<group>"; };
		548AC98A242F4CAD00EEE11C /* Framework.md */ = {isa = PBXFileReference; fileEncoding = 4; lastKnownFileType = net.daringfireball.markdown; path = Framework.md; sourceTree = "<group>"; };
		548F331F24F15E8F00AB3540 /* Memory.md */ = {isa = PBXFileReference; lastKnownFileType = net.daringfireball.markdown; path = Memory.md; sourceTree = "<group>"; };
		548F332124F2B12C00AB3540 /* 分类扩展.md */ = {isa = PBXFileReference; lastKnownFileType = net.daringfireball.markdown; path = "分类扩展.md"; sourceTree = "<group>"; };
		548F332324F2B13E00AB3540 /* 属性修饰符.md */ = {isa = PBXFileReference; lastKnownFileType = net.daringfireball.markdown; path = "属性修饰符.md"; sourceTree = "<group>"; };
		548F332924F2B87300AB3540 /* Person.h */ = {isa = PBXFileReference; lastKnownFileType = sourcecode.c.h; path = Person.h; sourceTree = "<group>"; };
		548F332A24F2B87300AB3540 /* Person.m */ = {isa = PBXFileReference; lastKnownFileType = sourcecode.c.objc; path = Person.m; sourceTree = "<group>"; };
		548F332C24F2B8D100AB3540 /* Person+PersonCategory.h */ = {isa = PBXFileReference; lastKnownFileType = sourcecode.c.h; path = "Person+PersonCategory.h"; sourceTree = "<group>"; };
		548F332D24F2B8D100AB3540 /* Person+PersonCategory.m */ = {isa = PBXFileReference; lastKnownFileType = sourcecode.c.objc; path = "Person+PersonCategory.m"; sourceTree = "<group>"; };
/* End PBXFileReference section */

/* Begin PBXFrameworksBuildPhase section */
		548AC94C242F4B3100EEE11C /* Frameworks */ = {
			isa = PBXFrameworksBuildPhase;
			buildActionMask = 2147483647;
			files = (
			);
			runOnlyForDeploymentPostprocessing = 0;
		};
		548AC962242F4B3200EEE11C /* Frameworks */ = {
			isa = PBXFrameworksBuildPhase;
			buildActionMask = 2147483647;
			files = (
			);
			runOnlyForDeploymentPostprocessing = 0;
		};
		548AC96D242F4B3200EEE11C /* Frameworks */ = {
			isa = PBXFrameworksBuildPhase;
			buildActionMask = 2147483647;
			files = (
			);
			runOnlyForDeploymentPostprocessing = 0;
		};
/* End PBXFrameworksBuildPhase section */

/* Begin PBXGroup section */
		3015810A2455778B00EC6001 /* WGCore */ = {
			isa = PBXGroup;
			children = (
				3015810B245577A600EC6001 /* WGMonitorManage.h */,
				3015810C245577A600EC6001 /* WGMonitorManage.m */,
			);
			path = WGCore;
			sourceTree = "<group>";
		};
		30A7DC7D24348382008DDCF9 /* WGScreenshots */ = {
			isa = PBXGroup;
			children = (
				301CF1BE2452F1750024EC69 /* runLoop1.png */,
				5422AC58244F3E8E000CB747 /* block2.png */,
				30DD858A244F00C100897144 /* block.jpeg */,
				30A73F322447F14A00C86BB8 /* kvc1.png */,
				30FD94D3243DDE8400EAFAA3 /* error1.png */,
				30A7DC8024348703008DDCF9 /* lock1.png */,
				30A7DC822434A43E008DDCF9 /* lock2.png */,
				30FD75F924358F1E00431678 /* lock3.png */,
				30FD75FB243596BB00431678 /* lock4.png */,
				30FD75FD2435C88B00431678 /* lock5.png */,
			);
			path = WGScreenshots;
			sourceTree = "<group>";
		};
		30FD75FF2435CD1200431678 /* 多线程 */ = {
			isa = PBXGroup;
			children = (
				3066E0EF2435DD48004C71F7 /* GCD.md */,
				30FD76002435CD3100431678 /* NSThread.md */,
				309F9D672435D98700FFB705 /* ThreadLock.md */,
				30C7D40C2439C05000EA99C6 /* NSOperation.md */,
				30F8F49D243F142900968177 /* Summary.md */,
			);
			path = "多线程";
			sourceTree = "<group>";
		};
		30FD94D1243DDDD000EAFAA3 /* ErrorCollect */ = {
			isa = PBXGroup;
			children = (
				30FD94D2243DDDDE00EAFAA3 /* ErrorCollect.md */,
			);
			path = ErrorCollect;
			sourceTree = "<group>";
		};
		5463C26224B01092008F9C9A /* CoreAnimal */ = {
			isa = PBXGroup;
			children = (
				5463C26324B0115D008F9C9A /* CoreAnimal.md */,
			);
			path = CoreAnimal;
			sourceTree = "<group>";
		};
		548AC946242F4B3100EEE11C = {
			isa = PBXGroup;
			children = (
				548F332C24F2B8D100AB3540 /* Person+PersonCategory.h */,
				548F332D24F2B8D100AB3540 /* Person+PersonCategory.m */,
				548F332924F2B87300AB3540 /* Person.h */,
				548F332A24F2B87300AB3540 /* Person.m */,
				30160A2724A75A970074FB82 /* BinaryTree.h */,
				30160A2824A75A970074FB82 /* BinaryTree.m */,
				30D3DF70245E74790012F803 /* WGTestModel.h */,
				30D3DF71245E74790012F803 /* WGTestModel.m */,
				301CF1BA2452BE310024EC69 /* WGFirstVC.h */,
				301CF1BB2452BE310024EC69 /* WGFirstVC.m */,
				30179F9924401E8000EED9BD /* Note.md */,
				30FD75F624357E3800431678 /* WGMainObjcVC.h */,
				30FD75F724357E3800431678 /* WGMainObjcVC.m */,
				548AC951242F4B3100EEE11C /* WGFcodeNotes */,
				548AC968242F4B3200EEE11C /* WGFcodeNotesTests */,
				548AC973242F4B3200EEE11C /* WGFcodeNotesUITests */,
				548AC950242F4B3100EEE11C /* Products */,
				30FD75F524357E3800431678 /* WGFcodeNotes-Bridging-Header.h */,
			);
			sourceTree = "<group>";
		};
		548AC950242F4B3100EEE11C /* Products */ = {
			isa = PBXGroup;
			children = (
				548AC94F242F4B3100EEE11C /* WGFcodeNotes.app */,
				548AC965242F4B3200EEE11C /* WGFcodeNotesTests.xctest */,
				548AC970242F4B3200EEE11C /* WGFcodeNotesUITests.xctest */,
			);
			name = Products;
			sourceTree = "<group>";
		};
		548AC951242F4B3100EEE11C /* WGFcodeNotes */ = {
			isa = PBXGroup;
			children = (
				3015810A2455778B00EC6001 /* WGCore */,
				30FD94D1243DDDD000EAFAA3 /* ErrorCollect */,
				30A7DC7D24348382008DDCF9 /* WGScreenshots */,
				548AC984242F4C9200EEE11C /* WGReadMe */,
				548AC952242F4B3100EEE11C /* AppDelegate.swift */,
				548AC954242F4B3100EEE11C /* SceneDelegate.swift */,
				548AC956242F4B3100EEE11C /* ViewController.swift */,
				548AC958242F4B3100EEE11C /* Main.storyboard */,
				548AC95B242F4B3200EEE11C /* Assets.xcassets */,
				548AC95D242F4B3200EEE11C /* LaunchScreen.storyboard */,
				548AC960242F4B3200EEE11C /* Info.plist */,
				548AC982242F4C7100EEE11C /* WGMainVC.swift */,
			);
			path = WGFcodeNotes;
			sourceTree = "<group>";
		};
		548AC968242F4B3200EEE11C /* WGFcodeNotesTests */ = {
			isa = PBXGroup;
			children = (
				548AC969242F4B3200EEE11C /* WGFcodeNotesTests.swift */,
				548AC96B242F4B3200EEE11C /* Info.plist */,
			);
			path = WGFcodeNotesTests;
			sourceTree = "<group>";
		};
		548AC973242F4B3200EEE11C /* WGFcodeNotesUITests */ = {
			isa = PBXGroup;
			children = (
				548AC974242F4B3200EEE11C /* WGFcodeNotesUITests.swift */,
				548AC976242F4B3200EEE11C /* Info.plist */,
			);
			path = WGFcodeNotesUITests;
			sourceTree = "<group>";
		};
		548AC984242F4C9200EEE11C /* WGReadMe */ = {
			isa = PBXGroup;
			children = (
				30F7186B24F7AB020025AD98 /* 设计模式.md */,
				548F331F24F15E8F00AB3540 /* Memory.md */,
				5463C26224B01092008F9C9A /* CoreAnimal */,
				30BB26BA244BF62B00255288 /* NSNotification.md */,
				307A0E7E24456BF8006E5429 /* Block.md */,
				300845CA24456B1700055737 /* KVC.md */,
				300845CD24456B4C00055737 /* KVO.md */,
				307A0E7C24456BE4006E5429 /* RunTime.md */,
				307A0E7A24456BD3006E5429 /* RunLoop.md */,
				30FD75FF2435CD1200431678 /* 多线程 */,
				548AC989242F4CAD00EEE11C /* Carthage.md */,
				548AC98A242F4CAD00EEE11C /* Framework.md */,
				548AC986242F4CAD00EEE11C /* git.md */,
				548AC988242F4CAD00EEE11C /* KeyWords.md */,
				548AC987242F4CAD00EEE11C /* PackageIpaWithShell.md */,
				548AC985242F4CAD00EEE11C /* WG.sh */,
				30C1F2B72431F0C7003B30B3 /* face.md */,
				30ECA51F24580E9000E3D312 /* Response.md */,
				30160A2524A748870074FB82 /* BinaryTree.md */,
				540ED63B246990B600C6DAF7 /* KeyWord.md */,
				545638D224B36CE5007D5447 /* HTTPTCPUDP.md */,
				548F332124F2B12C00AB3540 /* 分类扩展.md */,
				548F332324F2B13E00AB3540 /* 属性修饰符.md */,
				54347D3124F69F1C006EE9F2 /* 数据结构.md */,
			);
			path = WGReadMe;
			sourceTree = "<group>";
		};
/* End PBXGroup section */

/* Begin PBXNativeTarget section */
		548AC94E242F4B3100EEE11C /* WGFcodeNotes */ = {
			isa = PBXNativeTarget;
			buildConfigurationList = 548AC979242F4B3200EEE11C /* Build configuration list for PBXNativeTarget "WGFcodeNotes" */;
			buildPhases = (
				548AC94B242F4B3100EEE11C /* Sources */,
				548AC94C242F4B3100EEE11C /* Frameworks */,
				548AC94D242F4B3100EEE11C /* Resources */,
			);
			buildRules = (
			);
			dependencies = (
			);
			name = WGFcodeNotes;
			productName = WGFcodeNotes;
			productReference = 548AC94F242F4B3100EEE11C /* WGFcodeNotes.app */;
			productType = "com.apple.product-type.application";
		};
		548AC964242F4B3200EEE11C /* WGFcodeNotesTests */ = {
			isa = PBXNativeTarget;
			buildConfigurationList = 548AC97C242F4B3200EEE11C /* Build configuration list for PBXNativeTarget "WGFcodeNotesTests" */;
			buildPhases = (
				548AC961242F4B3200EEE11C /* Sources */,
				548AC962242F4B3200EEE11C /* Frameworks */,
				548AC963242F4B3200EEE11C /* Resources */,
			);
			buildRules = (
			);
			dependencies = (
				548AC967242F4B3200EEE11C /* PBXTargetDependency */,
			);
			name = WGFcodeNotesTests;
			productName = WGFcodeNotesTests;
			productReference = 548AC965242F4B3200EEE11C /* WGFcodeNotesTests.xctest */;
			productType = "com.apple.product-type.bundle.unit-test";
		};
		548AC96F242F4B3200EEE11C /* WGFcodeNotesUITests */ = {
			isa = PBXNativeTarget;
			buildConfigurationList = 548AC97F242F4B3200EEE11C /* Build configuration list for PBXNativeTarget "WGFcodeNotesUITests" */;
			buildPhases = (
				548AC96C242F4B3200EEE11C /* Sources */,
				548AC96D242F4B3200EEE11C /* Frameworks */,
				548AC96E242F4B3200EEE11C /* Resources */,
			);
			buildRules = (
			);
			dependencies = (
				548AC972242F4B3200EEE11C /* PBXTargetDependency */,
			);
			name = WGFcodeNotesUITests;
			productName = WGFcodeNotesUITests;
			productReference = 548AC970242F4B3200EEE11C /* WGFcodeNotesUITests.xctest */;
			productType = "com.apple.product-type.bundle.ui-testing";
		};
/* End PBXNativeTarget section */

/* Begin PBXProject section */
		548AC947242F4B3100EEE11C /* Project object */ = {
			isa = PBXProject;
			attributes = {
				LastSwiftUpdateCheck = 1130;
				LastUpgradeCheck = 1130;
				ORGANIZATIONNAME = WG;
				TargetAttributes = {
					548AC94E242F4B3100EEE11C = {
						CreatedOnToolsVersion = 11.3.1;
						LastSwiftMigration = 1130;
					};
					548AC964242F4B3200EEE11C = {
						CreatedOnToolsVersion = 11.3.1;
						TestTargetID = 548AC94E242F4B3100EEE11C;
					};
					548AC96F242F4B3200EEE11C = {
						CreatedOnToolsVersion = 11.3.1;
						TestTargetID = 548AC94E242F4B3100EEE11C;
					};
				};
			};
			buildConfigurationList = 548AC94A242F4B3100EEE11C /* Build configuration list for PBXProject "WGFcodeNotes" */;
			compatibilityVersion = "Xcode 9.3";
			developmentRegion = en;
			hasScannedForEncodings = 0;
			knownRegions = (
				en,
				Base,
			);
			mainGroup = 548AC946242F4B3100EEE11C;
			productRefGroup = 548AC950242F4B3100EEE11C /* Products */;
			projectDirPath = "";
			projectRoot = "";
			targets = (
				548AC94E242F4B3100EEE11C /* WGFcodeNotes */,
				548AC964242F4B3200EEE11C /* WGFcodeNotesTests */,
				548AC96F242F4B3200EEE11C /* WGFcodeNotesUITests */,
			);
		};
/* End PBXProject section */

/* Begin PBXResourcesBuildPhase section */
		548AC94D242F4B3100EEE11C /* Resources */ = {
			isa = PBXResourcesBuildPhase;
			buildActionMask = 2147483647;
			files = (
				30A7DC832434A43E008DDCF9 /* lock2.png in Resources */,
				30160A2624A748870074FB82 /* BinaryTree.md in Resources */,
				548AC98C242F4CAD00EEE11C /* git.md in Resources */,
				30A73F332447F14A00C86BB8 /* kvc1.png in Resources */,
				548AC98F242F4CAD00EEE11C /* Carthage.md in Resources */,
				30BB26BB244BF62B00255288 /* NSNotification.md in Resources */,
				30DD858B244F00C100897144 /* block.jpeg in Resources */,
				30FD76012435CD3100431678 /* NSThread.md in Resources */,
				548F332224F2B12C00AB3540 /* 分类扩展.md in Resources */,
				5422AC59244F3E8E000CB747 /* block2.png in Resources */,
				30C1F2B82431F0C7003B30B3 /* face.md in Resources */,
				5463C26424B0115D008F9C9A /* CoreAnimal.md in Resources */,
				545638D324B36CE5007D5447 /* HTTPTCPUDP.md in Resources */,
				307A0E7B24456BD3006E5429 /* RunLoop.md in Resources */,
				30FD75FA24358F1E00431678 /* lock3.png in Resources */,
				548AC98E242F4CAD00EEE11C /* KeyWords.md in Resources */,
				30FD75FC243596BB00431678 /* lock4.png in Resources */,
				548AC98B242F4CAD00EEE11C /* WG.sh in Resources */,
				540ED63C246990B600C6DAF7 /* KeyWord.md in Resources */,
				3066E0F02435DD48004C71F7 /* GCD.md in Resources */,
				548AC95F242F4B3200EEE11C /* LaunchScreen.storyboard in Resources */,
				30F7186C24F7AB020025AD98 /* 设计模式.md in Resources */,
				54347D3224F69F1C006EE9F2 /* 数据结构.md in Resources */,
				300845CB24456B2800055737 /* KVC.md in Resources */,
				30F8F49E243F142900968177 /* Summary.md in Resources */,
				30FD75FE2435C88B00431678 /* lock5.png in Resources */,
				301CF1BF2452F1750024EC69 /* runLoop1.png in Resources */,
				30ECA52024580E9000E3D312 /* Response.md in Resources */,
				548F332024F15E8F00AB3540 /* Memory.md in Resources */,
				30FD94D4243DDE8400EAFAA3 /* error1.png in Resources */,
				548AC98D242F4CAD00EEE11C /* PackageIpaWithShell.md in Resources */,
				548AC990242F4CAD00EEE11C /* Framework.md in Resources */,
				548AC95C242F4B3200EEE11C /* Assets.xcassets in Resources */,
				309F9D682435D98700FFB705 /* ThreadLock.md in Resources */,
				548F332424F2B13E00AB3540 /* 属性修饰符.md in Resources */,
				300845CC24456B3A00055737 /* NSOperation.md in Resources */,
				30179F9A24401E8000EED9BD /* Note.md in Resources */,
				307A0E7D24456BE4006E5429 /* RunTime.md in Resources */,
				30A7DC8124348703008DDCF9 /* lock1.png in Resources */,
				548AC95A242F4B3100EEE11C /* Main.storyboard in Resources */,
			);
			runOnlyForDeploymentPostprocessing = 0;
		};
		548AC963242F4B3200EEE11C /* Resources */ = {
			isa = PBXResourcesBuildPhase;
			buildActionMask = 2147483647;
			files = (
			);
			runOnlyForDeploymentPostprocessing = 0;
		};
		548AC96E242F4B3200EEE11C /* Resources */ = {
			isa = PBXResourcesBuildPhase;
			buildActionMask = 2147483647;
			files = (
			);
			runOnlyForDeploymentPostprocessing = 0;
		};
/* End PBXResourcesBuildPhase section */

/* Begin PBXSourcesBuildPhase section */
		548AC94B242F4B3100EEE11C /* Sources */ = {
			isa = PBXSourcesBuildPhase;
			buildActionMask = 2147483647;
			files = (
				548AC957242F4B3100EEE11C /* ViewController.swift in Sources */,
				30160A2924A75A970074FB82 /* BinaryTree.m in Sources */,
				548F332B24F2B87300AB3540 /* Person.m in Sources */,
				548AC983242F4C7100EEE11C /* WGMainVC.swift in Sources */,
				548F332E24F2B8D100AB3540 /* Person+PersonCategory.m in Sources */,
				30FD75F824357E3800431678 /* WGMainObjcVC.m in Sources */,
				3015810D245577A600EC6001 /* WGMonitorManage.m in Sources */,
				301CF1BC2452BE310024EC69 /* WGFirstVC.m in Sources */,
				548AC953242F4B3100EEE11C /* AppDelegate.swift in Sources */,
				548AC955242F4B3100EEE11C /* SceneDelegate.swift in Sources */,
				30D3DF72245E74790012F803 /* WGTestModel.m in Sources */,
			);
			runOnlyForDeploymentPostprocessing = 0;
		};
		548AC961242F4B3200EEE11C /* Sources */ = {
			isa = PBXSourcesBuildPhase;
			buildActionMask = 2147483647;
			files = (
				548AC96A242F4B3200EEE11C /* WGFcodeNotesTests.swift in Sources */,
			);
			runOnlyForDeploymentPostprocessing = 0;
		};
		548AC96C242F4B3200EEE11C /* Sources */ = {
			isa = PBXSourcesBuildPhase;
			buildActionMask = 2147483647;
			files = (
				548AC975242F4B3200EEE11C /* WGFcodeNotesUITests.swift in Sources */,
			);
			runOnlyForDeploymentPostprocessing = 0;
		};
/* End PBXSourcesBuildPhase section */

/* Begin PBXTargetDependency section */
		548AC967242F4B3200EEE11C /* PBXTargetDependency */ = {
			isa = PBXTargetDependency;
			target = 548AC94E242F4B3100EEE11C /* WGFcodeNotes */;
			targetProxy = 548AC966242F4B3200EEE11C /* PBXContainerItemProxy */;
		};
		548AC972242F4B3200EEE11C /* PBXTargetDependency */ = {
			isa = PBXTargetDependency;
			target = 548AC94E242F4B3100EEE11C /* WGFcodeNotes */;
			targetProxy = 548AC971242F4B3200EEE11C /* PBXContainerItemProxy */;
		};
/* End PBXTargetDependency section */

/* Begin PBXVariantGroup section */
		548AC958242F4B3100EEE11C /* Main.storyboard */ = {
			isa = PBXVariantGroup;
			children = (
				548AC959242F4B3100EEE11C /* Base */,
			);
			name = Main.storyboard;
			sourceTree = "<group>";
		};
		548AC95D242F4B3200EEE11C /* LaunchScreen.storyboard */ = {
			isa = PBXVariantGroup;
			children = (
				548AC95E242F4B3200EEE11C /* Base */,
			);
			name = LaunchScreen.storyboard;
			sourceTree = "<group>";
		};
/* End PBXVariantGroup section */

/* Begin XCBuildConfiguration section */
		548AC977242F4B3200EEE11C /* Debug */ = {
			isa = XCBuildConfiguration;
			buildSettings = {
				ALWAYS_SEARCH_USER_PATHS = NO;
				CLANG_ANALYZER_NONNULL = YES;
				CLANG_ANALYZER_NUMBER_OBJECT_CONVERSION = YES_AGGRESSIVE;
				CLANG_CXX_LANGUAGE_STANDARD = "gnu++14";
				CLANG_CXX_LIBRARY = "libc++";
				CLANG_ENABLE_MODULES = YES;
				CLANG_ENABLE_OBJC_ARC = YES;
				CLANG_ENABLE_OBJC_WEAK = YES;
				CLANG_WARN_BLOCK_CAPTURE_AUTORELEASING = YES;
				CLANG_WARN_BOOL_CONVERSION = YES;
				CLANG_WARN_COMMA = YES;
				CLANG_WARN_CONSTANT_CONVERSION = YES;
				CLANG_WARN_DEPRECATED_OBJC_IMPLEMENTATIONS = YES;
				CLANG_WARN_DIRECT_OBJC_ISA_USAGE = YES_ERROR;
				CLANG_WARN_DOCUMENTATION_COMMENTS = YES;
				CLANG_WARN_EMPTY_BODY = YES;
				CLANG_WARN_ENUM_CONVERSION = YES;
				CLANG_WARN_INFINITE_RECURSION = YES;
				CLANG_WARN_INT_CONVERSION = YES;
				CLANG_WARN_NON_LITERAL_NULL_CONVERSION = YES;
				CLANG_WARN_OBJC_IMPLICIT_RETAIN_SELF = YES;
				CLANG_WARN_OBJC_LITERAL_CONVERSION = YES;
				CLANG_WARN_OBJC_ROOT_CLASS = YES_ERROR;
				CLANG_WARN_RANGE_LOOP_ANALYSIS = YES;
				CLANG_WARN_STRICT_PROTOTYPES = YES;
				CLANG_WARN_SUSPICIOUS_MOVE = YES;
				CLANG_WARN_UNGUARDED_AVAILABILITY = YES_AGGRESSIVE;
				CLANG_WARN_UNREACHABLE_CODE = YES;
				CLANG_WARN__DUPLICATE_METHOD_MATCH = YES;
				COPY_PHASE_STRIP = NO;
				DEBUG_INFORMATION_FORMAT = dwarf;
				ENABLE_STRICT_OBJC_MSGSEND = YES;
				ENABLE_TESTABILITY = YES;
				GCC_C_LANGUAGE_STANDARD = gnu11;
				GCC_DYNAMIC_NO_PIC = NO;
				GCC_NO_COMMON_BLOCKS = YES;
				GCC_OPTIMIZATION_LEVEL = 0;
				GCC_PREPROCESSOR_DEFINITIONS = (
					"DEBUG=1",
					"$(inherited)",
				);
				GCC_WARN_64_TO_32_BIT_CONVERSION = YES;
				GCC_WARN_ABOUT_RETURN_TYPE = YES_ERROR;
				GCC_WARN_UNDECLARED_SELECTOR = YES;
				GCC_WARN_UNINITIALIZED_AUTOS = YES_AGGRESSIVE;
				GCC_WARN_UNUSED_FUNCTION = YES;
				GCC_WARN_UNUSED_VARIABLE = YES;
				IPHONEOS_DEPLOYMENT_TARGET = 13.2;
				MTL_ENABLE_DEBUG_INFO = INCLUDE_SOURCE;
				MTL_FAST_MATH = YES;
				ONLY_ACTIVE_ARCH = YES;
				SDKROOT = iphoneos;
				SWIFT_ACTIVE_COMPILATION_CONDITIONS = DEBUG;
				SWIFT_OPTIMIZATION_LEVEL = "-Onone";
			};
			name = Debug;
		};
		548AC978242F4B3200EEE11C /* Release */ = {
			isa = XCBuildConfiguration;
			buildSettings = {
				ALWAYS_SEARCH_USER_PATHS = NO;
				CLANG_ANALYZER_NONNULL = YES;
				CLANG_ANALYZER_NUMBER_OBJECT_CONVERSION = YES_AGGRESSIVE;
				CLANG_CXX_LANGUAGE_STANDARD = "gnu++14";
				CLANG_CXX_LIBRARY = "libc++";
				CLANG_ENABLE_MODULES = YES;
				CLANG_ENABLE_OBJC_ARC = YES;
				CLANG_ENABLE_OBJC_WEAK = YES;
				CLANG_WARN_BLOCK_CAPTURE_AUTORELEASING = YES;
				CLANG_WARN_BOOL_CONVERSION = YES;
				CLANG_WARN_COMMA = YES;
				CLANG_WARN_CONSTANT_CONVERSION = YES;
				CLANG_WARN_DEPRECATED_OBJC_IMPLEMENTATIONS = YES;
				CLANG_WARN_DIRECT_OBJC_ISA_USAGE = YES_ERROR;
				CLANG_WARN_DOCUMENTATION_COMMENTS = YES;
				CLANG_WARN_EMPTY_BODY = YES;
				CLANG_WARN_ENUM_CONVERSION = YES;
				CLANG_WARN_INFINITE_RECURSION = YES;
				CLANG_WARN_INT_CONVERSION = YES;
				CLANG_WARN_NON_LITERAL_NULL_CONVERSION = YES;
				CLANG_WARN_OBJC_IMPLICIT_RETAIN_SELF = YES;
				CLANG_WARN_OBJC_LITERAL_CONVERSION = YES;
				CLANG_WARN_OBJC_ROOT_CLASS = YES_ERROR;
				CLANG_WARN_RANGE_LOOP_ANALYSIS = YES;
				CLANG_WARN_STRICT_PROTOTYPES = YES;
				CLANG_WARN_SUSPICIOUS_MOVE = YES;
				CLANG_WARN_UNGUARDED_AVAILABILITY = YES_AGGRESSIVE;
				CLANG_WARN_UNREACHABLE_CODE = YES;
				CLANG_WARN__DUPLICATE_METHOD_MATCH = YES;
				COPY_PHASE_STRIP = NO;
				DEBUG_INFORMATION_FORMAT = "dwarf-with-dsym";
				ENABLE_NS_ASSERTIONS = NO;
				ENABLE_STRICT_OBJC_MSGSEND = YES;
				GCC_C_LANGUAGE_STANDARD = gnu11;
				GCC_NO_COMMON_BLOCKS = YES;
				GCC_WARN_64_TO_32_BIT_CONVERSION = YES;
				GCC_WARN_ABOUT_RETURN_TYPE = YES_ERROR;
				GCC_WARN_UNDECLARED_SELECTOR = YES;
				GCC_WARN_UNINITIALIZED_AUTOS = YES_AGGRESSIVE;
				GCC_WARN_UNUSED_FUNCTION = YES;
				GCC_WARN_UNUSED_VARIABLE = YES;
				IPHONEOS_DEPLOYMENT_TARGET = 13.2;
				MTL_ENABLE_DEBUG_INFO = NO;
				MTL_FAST_MATH = YES;
				SDKROOT = iphoneos;
				SWIFT_COMPILATION_MODE = wholemodule;
				SWIFT_OPTIMIZATION_LEVEL = "-O";
				VALIDATE_PRODUCT = YES;
			};
			name = Release;
		};
		548AC97A242F4B3200EEE11C /* Debug */ = {
			isa = XCBuildConfiguration;
			buildSettings = {
				ASSETCATALOG_COMPILER_APPICON_NAME = AppIcon;
				CLANG_ENABLE_MODULES = YES;
				CODE_SIGN_STYLE = Automatic;
				DEVELOPMENT_TEAM = 27V68Z7BA3;
				INFOPLIST_FILE = WGFcodeNotes/Info.plist;
				IPHONEOS_DEPLOYMENT_TARGET = 8.0;
				LD_RUNPATH_SEARCH_PATHS = (
					"$(inherited)",
					"@executable_path/Frameworks",
				);
				PRODUCT_BUNDLE_IDENTIFIER = WG.WGFcodeNotes;
				PRODUCT_NAME = "$(TARGET_NAME)";
				SWIFT_OBJC_BRIDGING_HEADER = "WGFcodeNotes-Bridging-Header.h";
				SWIFT_OPTIMIZATION_LEVEL = "-Onone";
				SWIFT_VERSION = 5.0;
				TARGETED_DEVICE_FAMILY = "1,2";
			};
			name = Debug;
		};
		548AC97B242F4B3200EEE11C /* Release */ = {
			isa = XCBuildConfiguration;
			buildSettings = {
				ASSETCATALOG_COMPILER_APPICON_NAME = AppIcon;
				CLANG_ENABLE_MODULES = YES;
				CODE_SIGN_STYLE = Automatic;
				DEVELOPMENT_TEAM = 27V68Z7BA3;
				INFOPLIST_FILE = WGFcodeNotes/Info.plist;
				IPHONEOS_DEPLOYMENT_TARGET = 8.0;
				LD_RUNPATH_SEARCH_PATHS = (
					"$(inherited)",
					"@executable_path/Frameworks",
				);
				PRODUCT_BUNDLE_IDENTIFIER = WG.WGFcodeNotes;
				PRODUCT_NAME = "$(TARGET_NAME)";
				SWIFT_OBJC_BRIDGING_HEADER = "WGFcodeNotes-Bridging-Header.h";
				SWIFT_VERSION = 5.0;
				TARGETED_DEVICE_FAMILY = "1,2";
			};
			name = Release;
		};
		548AC97D242F4B3200EEE11C /* Debug */ = {
			isa = XCBuildConfiguration;
			buildSettings = {
				ALWAYS_EMBED_SWIFT_STANDARD_LIBRARIES = YES;
				BUNDLE_LOADER = "$(TEST_HOST)";
				CODE_SIGN_STYLE = Automatic;
				DEVELOPMENT_TEAM = 27V68Z7BA3;
				INFOPLIST_FILE = WGFcodeNotesTests/Info.plist;
				IPHONEOS_DEPLOYMENT_TARGET = 13.2;
				LD_RUNPATH_SEARCH_PATHS = (
					"$(inherited)",
					"@executable_path/Frameworks",
					"@loader_path/Frameworks",
				);
				PRODUCT_BUNDLE_IDENTIFIER = WG.WGFcodeNotesTests;
				PRODUCT_NAME = "$(TARGET_NAME)";
				SWIFT_VERSION = 5.0;
				TARGETED_DEVICE_FAMILY = "1,2";
				TEST_HOST = "$(BUILT_PRODUCTS_DIR)/WGFcodeNotes.app/WGFcodeNotes";
			};
			name = Debug;
		};
		548AC97E242F4B3200EEE11C /* Release */ = {
			isa = XCBuildConfiguration;
			buildSettings = {
				ALWAYS_EMBED_SWIFT_STANDARD_LIBRARIES = YES;
				BUNDLE_LOADER = "$(TEST_HOST)";
				CODE_SIGN_STYLE = Automatic;
				DEVELOPMENT_TEAM = 27V68Z7BA3;
				INFOPLIST_FILE = WGFcodeNotesTests/Info.plist;
				IPHONEOS_DEPLOYMENT_TARGET = 13.2;
				LD_RUNPATH_SEARCH_PATHS = (
					"$(inherited)",
					"@executable_path/Frameworks",
					"@loader_path/Frameworks",
				);
				PRODUCT_BUNDLE_IDENTIFIER = WG.WGFcodeNotesTests;
				PRODUCT_NAME = "$(TARGET_NAME)";
				SWIFT_VERSION = 5.0;
				TARGETED_DEVICE_FAMILY = "1,2";
				TEST_HOST = "$(BUILT_PRODUCTS_DIR)/WGFcodeNotes.app/WGFcodeNotes";
			};
			name = Release;
		};
		548AC980242F4B3200EEE11C /* Debug */ = {
			isa = XCBuildConfiguration;
			buildSettings = {
				ALWAYS_EMBED_SWIFT_STANDARD_LIBRARIES = YES;
				CODE_SIGN_STYLE = Automatic;
				DEVELOPMENT_TEAM = 27V68Z7BA3;
				INFOPLIST_FILE = WGFcodeNotesUITests/Info.plist;
				LD_RUNPATH_SEARCH_PATHS = (
					"$(inherited)",
					"@executable_path/Frameworks",
					"@loader_path/Frameworks",
				);
				PRODUCT_BUNDLE_IDENTIFIER = WG.WGFcodeNotesUITests;
				PRODUCT_NAME = "$(TARGET_NAME)";
				SWIFT_VERSION = 5.0;
				TARGETED_DEVICE_FAMILY = "1,2";
				TEST_TARGET_NAME = WGFcodeNotes;
			};
			name = Debug;
		};
		548AC981242F4B3200EEE11C /* Release */ = {
			isa = XCBuildConfiguration;
			buildSettings = {
				ALWAYS_EMBED_SWIFT_STANDARD_LIBRARIES = YES;
				CODE_SIGN_STYLE = Automatic;
				DEVELOPMENT_TEAM = 27V68Z7BA3;
				INFOPLIST_FILE = WGFcodeNotesUITests/Info.plist;
				LD_RUNPATH_SEARCH_PATHS = (
					"$(inherited)",
					"@executable_path/Frameworks",
					"@loader_path/Frameworks",
				);
				PRODUCT_BUNDLE_IDENTIFIER = WG.WGFcodeNotesUITests;
				PRODUCT_NAME = "$(TARGET_NAME)";
				SWIFT_VERSION = 5.0;
				TARGETED_DEVICE_FAMILY = "1,2";
				TEST_TARGET_NAME = WGFcodeNotes;
			};
			name = Release;
		};
/* End XCBuildConfiguration section */

/* Begin XCConfigurationList section */
		548AC94A242F4B3100EEE11C /* Build configuration list for PBXProject "WGFcodeNotes" */ = {
			isa = XCConfigurationList;
			buildConfigurations = (
				548AC977242F4B3200EEE11C /* Debug */,
				548AC978242F4B3200EEE11C /* Release */,
			);
			defaultConfigurationIsVisible = 0;
			defaultConfigurationName = Release;
		};
		548AC979242F4B3200EEE11C /* Build configuration list for PBXNativeTarget "WGFcodeNotes" */ = {
			isa = XCConfigurationList;
			buildConfigurations = (
				548AC97A242F4B3200EEE11C /* Debug */,
				548AC97B242F4B3200EEE11C /* Release */,
			);
			defaultConfigurationIsVisible = 0;
			defaultConfigurationName = Release;
		};
		548AC97C242F4B3200EEE11C /* Build configuration list for PBXNativeTarget "WGFcodeNotesTests" */ = {
			isa = XCConfigurationList;
			buildConfigurations = (
				548AC97D242F4B3200EEE11C /* Debug */,
				548AC97E242F4B3200EEE11C /* Release */,
			);
			defaultConfigurationIsVisible = 0;
			defaultConfigurationName = Release;
		};
		548AC97F242F4B3200EEE11C /* Build configuration list for PBXNativeTarget "WGFcodeNotesUITests" */ = {
			isa = XCConfigurationList;
			buildConfigurations = (
				548AC980242F4B3200EEE11C /* Debug */,
				548AC981242F4B3200EEE11C /* Release */,
			);
			defaultConfigurationIsVisible = 0;
			defaultConfigurationName = Release;
		};
/* End XCConfigurationList section */
	};
	rootObject = 548AC947242F4B3100EEE11C /* Project object */;
}
